PODS:
  - SnapKit (0.13.0)

DEPENDENCIES:
  - SnapKit (from `https://github.com/SnapKit/SnapKit.git`, branch `swift-2.0`)

EXTERNAL SOURCES:
  SnapKit:
    :branch: swift-2.0
    :git: https://github.com/SnapKit/SnapKit.git

CHECKOUT OPTIONS:
  SnapKit:
    :commit: 4f19419528baa3dfaca20e26fea2be410ddc79e2
    :git: https://github.com/SnapKit/SnapKit.git

SPEC CHECKSUMS:
  SnapKit: 69fe274c71511df89a5591c11437a8b826bfa9eb

COCOAPODS: 0.38.2
